# THIS IS AN AUTOGENERATED FILE. DO NOT EDIT THIS FILE DIRECTLY.
# yarn lockfile v1


"@actions/core@^1.4.0":
  version "1.4.0"
  resolved "https://registry.npmjs.org/@actions/core/-/core-1.4.0.tgz#cf2e6ee317e314b03886adfeb20e448d50d6e524"
  integrity sha512-CGx2ilGq5i7zSLgiiGUtBCxhRRxibJYU6Fim0Q1Wg2aQL2LTnF27zbqZOrxfvFQ55eSBW0L8uVStgtKMpa0Qlg==

"@bluelovers/deep-diff@^1.0.2":
  version "1.0.2"
  resolved "https://registry.npmjs.org/@bluelovers/deep-diff/-/deep-diff-1.0.2.tgz#f6e978edaa7f403b8e7ad104be724adeba033ae6"
  integrity sha512-xraiGIM/ra6qu6z/HgIV0KEmG4oNYLprLKNOzSPcibZtYgUH4PkE2GpdZ/yD2gvdwPSwIZmdgumXSmCE8JVw9A==

"@bluelovers/tsconfig@^1.0.25":
  version "1.0.25"
  resolved "https://registry.npmjs.org/@bluelovers/tsconfig/-/tsconfig-1.0.25.tgz#88cc19fc8bd382569b427bc73376be0237c3f059"
  integrity sha512-BHjQvRMvIx3kV/tgaOK1cX6FgtLOBG/MsjT/IA8Nno0dGMHHe/r5w9iSPZ44zxRlw5+zVhw4pIN/mz0lnlASuw==
  dependencies:
    tslib "^2.3.0"

"@lazy-node/semver-part@^1.0.10":
  version "1.0.10"
  resolved "https://registry.npmjs.org/@lazy-node/semver-part/-/semver-part-1.0.10.tgz#590f6af91b5b9543ac511d71dccd737d2658f118"
  integrity sha512-tBmiT9tHmqBi7MmbP8dUncySR+2HgXvajr0ry/nziovnmw2VqDRMvAGadcI9vTez26h1VgelygC8C5zICNA1dA==
  dependencies:
    semver "^7"
    tslib "^2.3.0"

"@ts-type/package-dts@^1.0.50":
  version "1.0.50"
  resolved "https://registry.npmjs.org/@ts-type/package-dts/-/package-dts-1.0.50.tgz#002e780473b38269686721149f5a9b47960087cf"
  integrity sha512-PcCfilAA8VT6cxLCAHcGGEui4uz4CCeXXmt3ZQaXWMdmL29mGfkOmys/uUgGzTSVV01e83ejut5nylLVej0Agg==
  dependencies:
    "@types/semver" "^7.3.4"
    ts-type "^1.2.39"

"@types/luxon@*":
  version "1.27.1"
  resolved "https://registry.npmjs.org/@types/luxon/-/luxon-1.27.1.tgz#aceeb2d5be8fccf541237e184e37ecff5faa9096"
  integrity sha512-cPiXpOvPFDr2edMnOXlz3UBDApwUfR+cpizvxCy0n3vp9bz/qe8BWzHPIEFcy+ogUOyjKuCISgyq77ELZPmkkg==

"@types/node@^16.4.2":
  version "16.4.2"
  resolved "https://registry.npmjs.org/@types/node/-/node-16.4.2.tgz#0a95d7fd950cb1eaca0ce11031d72e8f680b775a"
  integrity sha512-vxyhOzFCm+jC/T5KugbVsYy1DbQM0h3NCFUrVbu0+pYa/nr+heeucpqxpa8j4pUmIGLPYzboY9zIdOF0niFAjQ==

"@types/npm-package-arg@*":
  version "6.1.1"
  resolved "https://registry.npmjs.org/@types/npm-package-arg/-/npm-package-arg-6.1.1.tgz#9e2d8adc04d39824a3d9f36f738010a3f7da3c1a"
  integrity sha512-452/1Kp9IdM/oR10AyqAgZOxUt7eLbm+EMJ194L6oarMYdZNiFIFAOJ7IIr0OrZXTySgfHjJezh2oiyk2kc3ag==

"@types/semver@^7.3.4":
  version "7.3.8"
  resolved "https://registry.npmjs.org/@types/semver/-/semver-7.3.8.tgz#508a27995498d7586dcecd77c25e289bfaf90c59"
  integrity sha512-D/2EJvAlCEtYFEYmmlGwbGXuK886HzyCc3nZX/tkFTQdEU8jZDAgiv08P162yB17y4ZXZoq7yFAnW4GDBb9Now==

"@vercel/ncc@^0.29.0":
  version "0.29.0"
  resolved "https://registry.npmjs.org/@vercel/ncc/-/ncc-0.29.0.tgz#ac23fc23f1593b05c72360108bcf6d849d2f317a"
  integrity sha512-p+sB835wOSDdgm2mgFgSOcXJF84AqZ+vBEnnGS0sm8veA92Hia7sqH0qEnqeFilPl+cXtxbdh2er+WdlfbVCZA==

"@yarn-tool/detect-yarnlock-version@^1.0.9":
  version "1.0.9"
  resolved "https://registry.npmjs.org/@yarn-tool/detect-yarnlock-version/-/detect-yarnlock-version-1.0.9.tgz#97547b093ba25725deacfa7a68912ed2c85d5725"
  integrity sha512-mOYaYCd7SiAT1P4CW6Pb18aghZvviQjGfz+CNgV/1++y+PSDvvj8NqSb6C2kwnzZKF1PqhbbP9bY71K1udmcBw==
  dependencies:
    "@yarnpkg/parsers" "^2.3.0"
    tslib "^2.3.0"

"@yarn-tool/find-root@^1.0.49":
  version "1.0.49"
  resolved "https://registry.npmjs.org/@yarn-tool/find-root/-/find-root-1.0.49.tgz#48f09323fd04c148c4b29f1b167aedcc9473d68b"
  integrity sha512-aST2os8zCeRR7BgTNw9S0zuY/h0BFb4R2ZCdlQKMpXOTkHTXjSv+X7H0eGzY+TTGd6jIk6srbr3a9h9R1R4tpA==
  dependencies:
    "@ts-type/package-dts" "^1.0.50"
    err-code "^3.0.1"
    find-yarn-workspace-root2 "^1.2.31"
    pkg-dir "^5.0.0"
    tslib "^2.3.0"
    upath2 "^3.1.9"

"@yarn-tool/npm-package-arg-util@^1.0.18":
  version "1.0.18"
  resolved "https://registry.npmjs.org/@yarn-tool/npm-package-arg-util/-/npm-package-arg-util-1.0.18.tgz#ab876d28cfe15eabb460d87512e1b1fe35a49d45"
  integrity sha512-4kGgMO6U39mJnhq1iynW2c4xVqhOXEMTaJ6hfR1sMXvKvYLIi0HFo5ac6CyY9VlSjZnxVXO19kBYbSckJSYDgA==
  dependencies:
    "@types/npm-package-arg" "*"
    npm-package-arg "^8.1.5"
    tslib "^2.3.0"

"@yarn-tool/semver-diff@^1.0.24":
  version "1.0.24"
  resolved "https://registry.npmjs.org/@yarn-tool/semver-diff/-/semver-diff-1.0.24.tgz#64eb75720655aa4374d84a7c859a416d3fecda9d"
  integrity sha512-2THopQHYxYJYPRRd8Vkj6PuvMP8edppG24SCuLLSwjqgFbFxT7EcZ+VO5/J/D7mWUUaPkIuGRc6e88Vqcxw7nw==
  dependencies:
    "@lazy-node/semver-part" "^1.0.10"
    debug-color2 "^1.2.7"
    ts-type "^1.2.39"
    tslib "^2.3.0"

"@yarn-tool/table@^1.0.32":
  version "1.0.32"
  resolved "https://registry.npmjs.org/@yarn-tool/table/-/table-1.0.32.tgz#3827f93787f7140a5070797f119a545ebd48c420"
  integrity sha512-znnfaNinhMwdLwL8uKDuRsYr/Z1V7WD6KEXYvEyUPJ+PC9xpr1JgyBkVMX/ENjdKSfq8QNiejcsQOhS24QOdFA==
  dependencies:
    "@ts-type/package-dts" "^1.0.50"
    "@yarn-tool/semver-diff" "^1.0.24"
    cli-table3 "^0.6.0"
    tslib "^2.3.0"

"@yarn-tool/yarnlock-banner@^1.0.3":
  version "1.0.3"
  resolved "https://registry.npmjs.org/@yarn-tool/yarnlock-banner/-/yarnlock-banner-1.0.3.tgz#8e6d474c39fa9249898571d46d4d557b0d35b586"
  integrity sha512-gBDUFNU3LyvMBYsIQHtBdp61rTvcUoLgf/t6c6Jcx7jffgJN3Y0B8eTQJds2lIg8g3hOctxlYy4sHd8X3hSlqw==
  dependencies:
    crlf-normalize "^1.0.6"
    tslib "^2.3.0"

"@yarn-tool/yarnlock-dedupe@^1.0.8":
  version "1.0.8"
  resolved "https://registry.npmjs.org/@yarn-tool/yarnlock-dedupe/-/yarnlock-dedupe-1.0.8.tgz#5eb93c1f67644d3f155d125345cab38f37e7d599"
  integrity sha512-a/gXn2LEmTUuUPydMmwsZpHNTl/gTDb85L/TpqXIjkiypuy6IM/ZJw572rv16/1MKyn1sKQBr5fiFL7L5i+43A==
  dependencies:
    "@yarn-tool/detect-yarnlock-version" "^1.0.9"
    "@yarn-tool/yarnlock-banner" "^1.0.3"
    "@yarn-tool/yarnlock-stringify" "^1.0.8"
    tslib "^2.3.0"
    yarn-berry-deduplicate "^2.0.0"
    yarn-deduplicate "^3.1.0"

"@yarn-tool/yarnlock-diff@^1.0.25":
  version "1.0.25"
  resolved "https://registry.npmjs.org/@yarn-tool/yarnlock-diff/-/yarnlock-diff-1.0.25.tgz#cebdfb733fb92a6c94c905098dda942ad273ce89"
  integrity sha512-Aw3a8RJbmmG8uOH/BIV8fD0fCVKaE4OpSiXMeVYZUqjWxGB/zQ+2eE+1d3ZXdCxETpFx5vkOdHEGZ6ZG7rLwmg==
  dependencies:
    "@bluelovers/deep-diff" "^1.0.2"
    "@yarn-tool/semver-diff" "^1.0.24"
    "@yarn-tool/table" "^1.0.32"
    "@yarn-tool/yarnlock-parse" "^1.0.15"
    "@yarn-tool/yarnlock-util" "^1.0.22"
    "@yarnpkg/parsers" "^2.3.0"
    array-hyper-unique "^1.1.10"
    debug-color2 "^1.2.7"
    npm-package-arg "^8.1.5"
    semver "^7.3.5"
    ts-type "^1.2.39"
    tslib "^2.3.0"

"@yarn-tool/yarnlock-error@^1.0.5":
  version "1.0.5"
  resolved "https://registry.npmjs.org/@yarn-tool/yarnlock-error/-/yarnlock-error-1.0.5.tgz#b93649f2e2840513b96af801f3139f0395e5f6c2"
  integrity sha512-NFzir7vYvjpcoWuCoMGbC7IRy0g+mMLz7w3ZU6gHeliXaknRXBKA9B0et0EpxjYsKgK0eLaeQQcRF0cR2u+QXw==
  dependencies:
    tslib "^2.3.0"

"@yarn-tool/yarnlock-parse@^1.0.15":
  version "1.0.15"
  resolved "https://registry.npmjs.org/@yarn-tool/yarnlock-parse/-/yarnlock-parse-1.0.15.tgz#d3aabdf3d0d2380234db7fb2cfbe505159378a29"
  integrity sha512-END2vwcUIIoS+mbMedoZJVYOz+KVXpYwEUnL1yz+NLXqyyiuvalMVSWCieFlT3bCx9caiYez6vtLkHKC7p9O7Q==
  dependencies:
    "@ts-type/package-dts" "^1.0.50"
    "@yarn-tool/detect-yarnlock-version" "^1.0.9"
    "@yarn-tool/yarnlock-error" "^1.0.5"
    "@yarnpkg/lockfile" "^1.1.0"
    "@yarnpkg/parsers" "^2.3.0"
    tslib "^2.3.0"

"@yarn-tool/yarnlock-stringify@^1.0.8":
  version "1.0.8"
  resolved "https://registry.npmjs.org/@yarn-tool/yarnlock-stringify/-/yarnlock-stringify-1.0.8.tgz#c5d058933f68aaf0ecff68d6c86ef4a58e3bf011"
  integrity sha512-Ig59AoOaHtLRitn2GZAh5PjnBjgpDqSOFtcGNJfbqYAErj4NDCVWea/3gNBSRXk9qEKAsoZmxZHoyFDlguzgDw==
  dependencies:
    "@yarn-tool/detect-yarnlock-version" "^1.0.9"
    "@yarnpkg/lockfile" "^1.1.0"
    "@yarnpkg/parsers" "^2.3.0"
    tslib "^2.3.0"

"@yarn-tool/yarnlock-util@^1.0.22":
  version "1.0.22"
  resolved "https://registry.npmjs.org/@yarn-tool/yarnlock-util/-/yarnlock-util-1.0.22.tgz#5724b20f75242a40e7760bc2134fa9bf0e7f6cf9"
  integrity sha512-IDJnOVCFC9I8xUwnk/DcSJ/zDadqVGkuxINVAOumxQ9PYIhpjg43V+j0OZhdeswo6CU9mm7bWyGTJBVfEdsmJQ==
  dependencies:
    "@yarn-tool/npm-package-arg-util" "^1.0.18"
    "@yarn-tool/yarnlock-parse" "^1.0.15"
    "@yarnpkg/parsers" "^2.3.0"
    npm-package-arg "^8.1.5"
    tslib "^2.3.0"

"@yarnpkg/lockfile@^1.1.0":
  version "1.1.0"
  resolved "https://registry.npmjs.org/@yarnpkg/lockfile/-/lockfile-1.1.0.tgz#e77a97fbd345b76d83245edcd17d393b1b41fb31"
  integrity sha512-GpSwvyXOcOOlV70vbnzjj4fW5xW/FdUF6nQEt1ENy7m4ZCczi1+/buVUPAqmGfqznsORNFzUMjctTIp8a9tuCQ==

"@yarnpkg/parsers@^2.0.0-rc.10", "@yarnpkg/parsers@^2.3.0":
  version "2.3.0"
  resolved "https://registry.npmjs.org/@yarnpkg/parsers/-/parsers-2.3.0.tgz#7b9564c6df02f4921d5cfe8287c4b648e93ea84b"
  integrity sha512-qgz0QUgOvnhtF92kaluIhIIKBUHlYlHUBQxqh5v9+sxEQvUeF6G6PKiFlzo3E6O99XwvNEGpVu1xZPoSGyGscQ==
  dependencies:
    js-yaml "^3.10.0"
    tslib "^1.13.0"

ansi-regex@^5.0.0:
  version "5.0.0"
  resolved "https://registry.npmjs.org/ansi-regex/-/ansi-regex-5.0.0.tgz#388539f55179bf39339c81af30a654d69f87cb75"
  integrity sha512-bY6fj56OUQ0hU1KjFNDQuJFezqKdrAyFdIevADiqrWHwSlbmBNMHp5ak2f40Pm8JTFyM2mqxkG6ngkHO11f/lg==

ansi-styles@^3.2.1:
  version "3.2.1"
  resolved "https://registry.npmjs.org/ansi-styles/-/ansi-styles-3.2.1.tgz#41fbb20243e50b12be0f04b8dedbf07520ce841d"
  integrity sha512-VT0ZI6kZRdTh8YyJw3SMbYm/u+NqfsAxEpWO0Pf9sq8/e94WxxOpPKx9FR1FlyCtOVDNOQ+8ntlqFxiRc+r5qA==
  dependencies:
    color-convert "^1.9.0"

argparse@^1.0.7:
  version "1.0.10"
  resolved "https://registry.npmjs.org/argparse/-/argparse-1.0.10.tgz#bcd6791ea5ae09725e17e5ad988134cd40b3d911"
  integrity sha512-o5Roy6tNG4SL/FOkCAN6RzjiakZS25RLYFrcMttJqbdd8BWrnA+fGz57iN5Pb06pvBGvl5gQ0B48dJlslXvoTg==
  dependencies:
    sprintf-js "~1.0.2"

array-hyper-unique@^1.1.10:
  version "1.1.10"
  resolved "https://registry.npmjs.org/array-hyper-unique/-/array-hyper-unique-1.1.10.tgz#dec43bf3d0f6c8679ec90c2729882ec84522439f"
  integrity sha512-kuqfoHcd42m00XBii0GYfPe3LYZgrTLeiWKSkmzkph7RyiW1GZr1hVWbFA8KUTGKx3nHLY1Rj+i72+xLlNuYNA==
  dependencies:
    deep-eql "^4.0.0"
    lodash "^4.17.21"
    tslib "^2.3.0"

braces@^3.0.1:
  version "3.0.2"
  resolved "https://registry.npmjs.org/braces/-/braces-3.0.2.tgz#3454e1a462ee8d599e236df336cd9ea4f8afe107"
  integrity sha512-b8um+L1RzM3WDSzvhm6gIz1yfTbBt6YTlcEKAvsmqCZZFw46z626lVj9j1yEPW33H5H+lBQpZMP1k8l+78Ha0A==
  dependencies:
    fill-range "^7.0.1"

builtins@^1.0.3:
  version "1.0.3"
  resolved "https://registry.npmjs.org/builtins/-/builtins-1.0.3.tgz#cb94faeb61c8696451db36534e1422f94f0aee88"
  integrity sha1-y5T662HIaWRR2zZTThQi+U8K7og=

"chalk@< 3 && >= 2":
  version "2.4.2"
  resolved "https://registry.npmjs.org/chalk/-/chalk-2.4.2.tgz#cd42541677a54333cf541a49108c1432b44c9424"
  integrity sha512-Mti+f9lpJNcwF4tWV8/OrTTtF1gZi+f8FqlyAdouralcFWFQWF2+NgCHShjkCb+IFBLq9buZwE1xckQU4peSuQ==
  dependencies:
    ansi-styles "^3.2.1"
    escape-string-regexp "^1.0.5"
    supports-color "^5.3.0"

cli-table3@^0.6.0:
  version "0.6.0"
  resolved "https://registry.npmjs.org/cli-table3/-/cli-table3-0.6.0.tgz#b7b1bc65ca8e7b5cef9124e13dc2b21e2ce4faee"
  integrity sha512-gnB85c3MGC7Nm9I/FkiasNBOKjOiO1RNuXXarQms37q4QMpWdlbBgD/VnOStA2faG1dpXMv31RFApjX1/QdgWQ==
  dependencies:
    object-assign "^4.1.0"
    string-width "^4.2.0"
  optionalDependencies:
    colors "^1.1.2"

color-convert@^1.9.0:
  version "1.9.3"
  resolved "https://registry.npmjs.org/color-convert/-/color-convert-1.9.3.tgz#bb71850690e1f136567de629d2d5471deda4c1e8"
  integrity sha512-QfAUtd+vFdAtFQcC8CCyYt1fYWxSqAiK2cSD6zDB8N3cpsEBAvRxp9zOGg6G/SHHJYAT88/az/IuDGALsNVbGg==
  dependencies:
    color-name "1.1.3"

color-name@1.1.3:
  version "1.1.3"
  resolved "https://registry.npmjs.org/color-name/-/color-name-1.1.3.tgz#a7d0558bd89c42f795dd42328f740831ca53bc25"
  integrity sha1-p9BVi9icQveV3UIyj3QIMcpTvCU=

colors@^1.1.2:
  version "1.4.0"
  resolved "https://registry.npmjs.org/colors/-/colors-1.4.0.tgz#c50491479d4c1bdaed2c9ced32cf7c7dc2360f78"
  integrity sha512-a+UqTh4kgZg/SlGvfbzDHpgRu7AAQOmmqRHJnxhRZICKFUT91brVhNNt58CMWU9PsBbv3PDCZUHbVxuDiH2mtA==

commander@^4.1.1:
  version "4.1.1"
  resolved "https://registry.npmjs.org/commander/-/commander-4.1.1.tgz#9fd602bd936294e9e9ef46a3f4d6964044b18068"
  integrity sha512-NOKm8xhkzAjzFx8B2v5OAHT+u5pRQc2UCa2Vq9jYL/31o2wi9mxBA7LIFs3sV5VSC49z6pEhfbMULvShKj26WA==

commander@^6.1.0:
  version "6.2.1"
  resolved "https://registry.npmjs.org/commander/-/commander-6.2.1.tgz#0792eb682dfbc325999bb2b84fddddba110ac73c"
  integrity sha512-U7VdrJFnJgo4xjrHpTzu0yrHPGImdsmD95ZlgYSEajAn2JKzDhDTPG9kBTefmObL2w/ngeZnilk+OV9CG3d7UA==

crlf-normalize@^1.0.6:
  version "1.0.6"
  resolved "https://registry.npmjs.org/crlf-normalize/-/crlf-normalize-1.0.6.tgz#c0b7e0c976cbc1f70e78e8208035941c7d704acc"
  integrity sha512-zaHJLQfY3XO/m5WpgW1c4rts81qhp3dSN0OaihoJ6CqdqUG5fLzPYhfnSViv1R/HGtQYB6DDv/8nDrElxg9IHQ==
  dependencies:
    tslib "^2.3.0"

debug-color2@^1.2.7:
  version "1.2.7"
  resolved "https://registry.npmjs.org/debug-color2/-/debug-color2-1.2.7.tgz#ebef64914f2ce76cd64467007e6e4430ee545e9d"
  integrity sha512-vGh6QYbQiKdlUHESCQiniCSrRI/LByfFn0yDMwNsaeEF+bDtTRSE5iKNXz3mrb1wFQb/YU4aADqqQ8wToY2A7g==
  dependencies:
    "@types/luxon" "*"
    chalk "< 3 && >= 2"
    env-bool "^1.0.3"
    luxon "^1.28.0"
    ts-type "^1.2.35"
    tslib "^2.3.0"

deep-eql@^4.0.0:
  version "4.0.0"
  resolved "https://registry.npmjs.org/deep-eql/-/deep-eql-4.0.0.tgz#c70af2713a4e18d9c2c1203ff9d11abbd51c8fbd"
  integrity sha512-GxJC5MOg2KyQlv6WiUF/VAnMj4MWnYiXo4oLgeptOELVoknyErb4Z8+5F/IM/K4g9/80YzzatxmWcyRwUseH0A==
  dependencies:
    type-detect "^4.0.0"

emoji-regex@^8.0.0:
  version "8.0.0"
  resolved "https://registry.npmjs.org/emoji-regex/-/emoji-regex-8.0.0.tgz#e818fd69ce5ccfcb404594f842963bf53164cc37"
  integrity sha512-MSjYzcWNOA0ewAHpz0MxpYFvwg6yjy1NG3xteoqz644VCo/RPgnr1/GGt+ic3iJTzQ8Eu3TdM14SawnVUmGE6A==

env-bool@^1.0.3:
  version "1.0.3"
  resolved "https://registry.npmjs.org/env-bool/-/env-bool-1.0.3.tgz#4b564760816766eed01b59b3a3c95e87c925548d"
  integrity sha512-Y8SeCpZmIEyCiiOTdKnIofJSlj43RmxoNHB3YNZyU17VE6VVGBEBG9J/f+t/bdydMsghLVlIOeayqV2M8x5iMg==

err-code@^3.0.1:
  version "3.0.1"
  resolved "https://registry.npmjs.org/err-code/-/err-code-3.0.1.tgz#a444c7b992705f2b120ee320b09972eef331c920"
  integrity sha512-GiaH0KJUewYok+eeY05IIgjtAe4Yltygk9Wqp1V5yVWLdhf0hYZchRjNIT9bb0mSwRcIusT3cx7PJUf3zEIfUA==

escape-string-regexp@^1.0.5:
  version "1.0.5"
  resolved "https://registry.npmjs.org/escape-string-regexp/-/escape-string-regexp-1.0.5.tgz#1b61c0562190a8dff6ae3bb2cf0200ca130b86d4"
  integrity sha1-G2HAViGQqN/2rjuyzwIAyhMLhtQ=

esprima@^4.0.0:
  version "4.0.1"
  resolved "https://registry.npmjs.org/esprima/-/esprima-4.0.1.tgz#13b04cdb3e6c5d19df91ab6987a8695619b0aa71"
  integrity sha512-eGuFFw7Upda+g4p+QHvnW0RyTX/SVeJBDM/gCtMARO0cLuT2HcEKnTPvhjV6aGeqrCB/sbNop0Kszm0jsaWU4A==

fill-range@^7.0.1:
  version "7.0.1"
  resolved "https://registry.npmjs.org/fill-range/-/fill-range-7.0.1.tgz#1919a6a7c75fe38b2c7c77e5198535da9acdda40"
  integrity sha512-qOo9F+dMUmC2Lcb4BbVvnKJxTPjCm+RRpe4gDuGrzkL7mEVl/djYSu2OdQ2Pa302N4oqkSg9ir6jaLWJ2USVpQ==
  dependencies:
    to-regex-range "^5.0.1"

find-up@^5.0.0:
  version "5.0.0"
  resolved "https://registry.npmjs.org/find-up/-/find-up-5.0.0.tgz#4c92819ecb7083561e4f4a240a86be5198f536fc"
  integrity sha512-78/PXT1wlLLDgTzDs7sjq9hzz0vXD+zn+7wypEe4fXQxCmdmqfGsEPQxmiCSQI3ajFV91bVSsvNtrJRiW6nGng==
  dependencies:
    locate-path "^6.0.0"
    path-exists "^4.0.0"

find-yarn-workspace-root2@^1.2.31:
  version "1.2.31"
  resolved "https://registry.npmjs.org/find-yarn-workspace-root2/-/find-yarn-workspace-root2-1.2.31.tgz#62ae357711efcdf3ffbfaa9aa9078a3545c9cd9c"
  integrity sha512-OmI4D/uWC8+fw4+ERcIzRmtOoBmJBk+eIIM9qZh5TtD/PLW5r98pwh6TCos04jv9erh1LAKiq4o+SGJCvRvOhQ==
  dependencies:
    micromatch "^4.0.4"
    pkg-dir "^5.0.0"
    tslib "^2.3.0"
    upath2 "^3.1.9"

has-flag@^3.0.0:
  version "3.0.0"
  resolved "https://registry.npmjs.org/has-flag/-/has-flag-3.0.0.tgz#b5d454dc2199ae225699f3467e5a07f3b955bafd"
  integrity sha1-tdRU3CGZriJWmfNGfloH87lVuv0=

hosted-git-info@^4.0.1:
  version "4.0.2"
  resolved "https://registry.npmjs.org/hosted-git-info/-/hosted-git-info-4.0.2.tgz#5e425507eede4fea846b7262f0838456c4209961"
  integrity sha512-c9OGXbZ3guC/xOlCg1Ci/VgWlwsqDv1yMQL1CWqXDL0hDjXuNcq0zuR4xqPSuasI3kqFDhqSyTjREz5gzq0fXg==
  dependencies:
    lru-cache "^6.0.0"

is-fullwidth-code-point@^3.0.0:
  version "3.0.0"
  resolved "https://registry.npmjs.org/is-fullwidth-code-point/-/is-fullwidth-code-point-3.0.0.tgz#f116f8064fe90b3f7844a38997c0b75051269f1d"
  integrity sha512-zymm5+u+sCsSWyD9qNaejV3DFvhCKclKdizYaJUuHA83RLjb7nSuGnddCHGv0hk+KY7BMAlsWeK4Ueg6EV6XQg==

is-number@^7.0.0:
  version "7.0.0"
  resolved "https://registry.npmjs.org/is-number/-/is-number-7.0.0.tgz#7535345b896734d5f80c4d06c50955527a14f12b"
  integrity sha512-41Cifkg6e8TylSpdtTpeLVMqvSBEVzTttHvERD741+pnZ8ANv0004MRL43QKPDlK9cGvNp6NZWZUBlbGXYxxng==

js-yaml@^3.10.0:
  version "3.14.1"
  resolved "https://registry.npmjs.org/js-yaml/-/js-yaml-3.14.1.tgz#dae812fdb3825fa306609a8717383c50c36a0537"
  integrity sha512-okMH7OXXJ7YrN9Ok3/SXrnu4iX9yOk+25nqX4imS2npuvTYDmo/QEZoqwZkYaIDk3jVvBOTOIEgEhaLOynBS9g==
  dependencies:
    argparse "^1.0.7"
    esprima "^4.0.0"

locate-path@^6.0.0:
  version "6.0.0"
  resolved "https://registry.npmjs.org/locate-path/-/locate-path-6.0.0.tgz#55321eb309febbc59c4801d931a72452a681d286"
  integrity sha512-iPZK6eYjbxRu3uB4/WZ3EsEIMJFMqAoopl3R+zuq0UjcAm/MO6KCweDgPfP3elTztoKP3KtnVHxTn2NHBSDVUw==
  dependencies:
    p-locate "^5.0.0"

lodash@^4.17.21:
  version "4.17.21"
  resolved "https://registry.npmjs.org/lodash/-/lodash-4.17.21.tgz#679591c564c3bffaae8454cf0b3df370c3d6911c"
  integrity sha512-v2kDEe57lecTulaDIuNTPy3Ry4gLGJ6Z1O3vE1krgXZNrsQ+LFTGHVxVjcXPs17LhbZVGedAJv8XZ1tvj5FvSg==

lru-cache@^6.0.0:
  version "6.0.0"
  resolved "https://registry.npmjs.org/lru-cache/-/lru-cache-6.0.0.tgz#6d6fe6570ebd96aaf90fcad1dafa3b2566db3a94"
  integrity sha512-Jo6dJ04CmSjuznwJSS3pUeWmd/H0ffTlkXXgwZi+eq1UCmqQwCh+eLsYOYCwY991i2Fah4h1BEMCx4qThGbsiA==
  dependencies:
    yallist "^4.0.0"

luxon@^1.28.0:
  version "1.28.0"
  resolved "https://registry.npmjs.org/luxon/-/luxon-1.28.0.tgz#e7f96daad3938c06a62de0fb027115d251251fbf"
  integrity sha512-TfTiyvZhwBYM/7QdAVDh+7dBTBA29v4ik0Ce9zda3Mnf8on1S5KJI8P2jKFZ8+5C0jhmr0KwJEO/Wdpm0VeWJQ==

micromatch@^4.0.4:
  version "4.0.4"
  resolved "https://registry.npmjs.org/micromatch/-/micromatch-4.0.4.tgz#896d519dfe9db25fce94ceb7a500919bf881ebf9"
  integrity sha512-pRmzw/XUcwXGpD9aI9q/0XOwLNygjETJ8y0ao0wdqprrzDa4YnxLcz7fQRZr8voh8V10kGhABbNcHVk5wHgWwg==
  dependencies:
    braces "^3.0.1"
    picomatch "^2.2.3"

npm-package-arg@^8.1.5:
  version "8.1.5"
  resolved "https://registry.npmjs.org/npm-package-arg/-/npm-package-arg-8.1.5.tgz#3369b2d5fe8fdc674baa7f1786514ddc15466e44"
  integrity sha512-LhgZrg0n0VgvzVdSm1oiZworPbTxYHUJCgtsJW8mGvlDpxTM1vSJc3m5QZeUkhAHIzbz3VCHd/R4osi1L1Tg/Q==
  dependencies:
    hosted-git-info "^4.0.1"
    semver "^7.3.4"
    validate-npm-package-name "^3.0.0"

object-assign@^4.1.0:
  version "4.1.1"
  resolved "https://registry.npmjs.org/object-assign/-/object-assign-4.1.1.tgz#2109adc7965887cfc05cbbd442cac8bfbb360863"
  integrity sha1-IQmtx5ZYh8/AXLvUQsrIv7s2CGM=

p-limit@^3.0.2:
  version "3.1.0"
  resolved "https://registry.npmjs.org/p-limit/-/p-limit-3.1.0.tgz#e1daccbe78d0d1388ca18c64fea38e3e57e3706b"
  integrity sha512-TYOanM3wGwNGsZN2cVTYPArw454xnXj5qmWF1bEoAc4+cU/ol7GVh7odevjp1FNHduHc3KZMcFduxU5Xc6uJRQ==
  dependencies:
    yocto-queue "^0.1.0"

p-locate@^5.0.0:
  version "5.0.0"
  resolved "https://registry.npmjs.org/p-locate/-/p-locate-5.0.0.tgz#83c8315c6785005e3bd021839411c9e110e6d834"
  integrity sha512-LaNjtRWUBY++zB5nE/NwcaoMylSPk+S+ZHNB1TzdbMJMny6dynpAGt7X/tl/QYq3TIeE6nxHppbo2LGymrG5Pw==
  dependencies:
    p-limit "^3.0.2"

path-exists@^4.0.0:
  version "4.0.0"
  resolved "https://registry.npmjs.org/path-exists/-/path-exists-4.0.0.tgz#513bdbe2d3b95d7762e8c1137efa195c6c61b5b3"
  integrity sha512-ak9Qy5Q7jYb2Wwcey5Fpvg2KoAc/ZIhLSLOSBmRmygPsGwkVVt0fZa0qrtMz+m6tJTAHfZQ8FnmB4MG4LWy7/w==

path-is-network-drive@^1.0.9:
  version "1.0.9"
  resolved "https://registry.npmjs.org/path-is-network-drive/-/path-is-network-drive-1.0.9.tgz#deba3448339f3efa7e0addba36f681ca0cf8ff32"
  integrity sha512-fx6ueQCuGJxL25W0QRA3yFUpkM2ZvClGmw29CuKzqSXYY2nrhIwXGfhne2TSLUjggPIds8+c16YdjIm50MlMcw==
  dependencies:
    tslib "^2.3.0"

path-strip-sep@^1.0.6:
  version "1.0.6"
  resolved "https://registry.npmjs.org/path-strip-sep/-/path-strip-sep-1.0.6.tgz#b2d4106d7795ad41e32ca55b75bed2db5ef58edd"
  integrity sha512-9hbZmbfUHGKQe+FhxbJpp1yd+pJ9eQrISo4XcCpV7eaG8/SvSjnI5TeEWElVnLtEedJwaK5blrUNxfe8oiQJKA==
  dependencies:
    tslib "^2.3.0"

picomatch@^2.2.3:
  version "2.3.0"
  resolved "https://registry.npmjs.org/picomatch/-/picomatch-2.3.0.tgz#f1f061de8f6a4bf022892e2d128234fb98302972"
  integrity sha512-lY1Q/PiJGC2zOv/z391WOTD+Z02bCgsFfvxoXXf6h7kv9o+WmsmzYqrAwY63sNgOxE4xEdq0WyUnXfKeBrSvYw==

pkg-dir@^5.0.0:
  version "5.0.0"
  resolved "https://registry.npmjs.org/pkg-dir/-/pkg-dir-5.0.0.tgz#a02d6aebe6ba133a928f74aec20bafdfe6b8e760"
  integrity sha512-NPE8TDbzl/3YQYY7CSS228s3g2ollTFnc+Qi3tqmqJp9Vg2ovUpixcJEo2HJScN2Ez+kEaal6y70c0ehqJBJeA==
  dependencies:
    find-up "^5.0.0"

semver@7.1.3:
  version "7.1.3"
  resolved "https://registry.npmjs.org/semver/-/semver-7.1.3.tgz#e4345ce73071c53f336445cfc19efb1c311df2a6"
  integrity sha512-ekM0zfiA9SCBlsKa2X1hxyxiI4L3B6EbVJkkdgQXnSEEaHlGdvyodMruTiulSRWMMB4NeIuYNMC9rTKTz97GxA==

semver@^7, semver@^7.3.2, semver@^7.3.4, semver@^7.3.5:
  version "7.3.5"
  resolved "https://registry.npmjs.org/semver/-/semver-7.3.5.tgz#0b621c879348d8998e4b0e4be94b3f12e6018ef7"
  integrity sha512-PoeGJYh8HK4BTO/a9Tf6ZG3veo/A7ZVsYrSA6J8ny9nb3B1VrpkuN+z9OE5wfE5p6H4LchYZsegiQgbJD94ZFQ==
  dependencies:
    lru-cache "^6.0.0"

sprintf-js@~1.0.2:
  version "1.0.3"
  resolved "https://registry.npmjs.org/sprintf-js/-/sprintf-js-1.0.3.tgz#04e6926f662895354f3dd015203633b857297e2c"
  integrity sha1-BOaSb2YolTVPPdAVIDYzuFcpfiw=

string-width@^4.2.0:
  version "4.2.2"
  resolved "https://registry.npmjs.org/string-width/-/string-width-4.2.2.tgz#dafd4f9559a7585cfba529c6a0a4f73488ebd4c5"
  integrity sha512-XBJbT3N4JhVumXE0eoLU9DCjcaF92KLNqTmFCnG1pf8duUxFGwtP6AD6nkjw9a3IdiRtL3E2w3JDiE/xi3vOeA==
  dependencies:
    emoji-regex "^8.0.0"
    is-fullwidth-code-point "^3.0.0"
    strip-ansi "^6.0.0"

strip-ansi@^6.0.0:
  version "6.0.0"
  resolved "https://registry.npmjs.org/strip-ansi/-/strip-ansi-6.0.0.tgz#0b1571dd7669ccd4f3e06e14ef1eed26225ae532"
  integrity sha512-AuvKTrTfQNYNIctbR1K/YGTR1756GycPsg7b9bdV9Duqur4gv6aKqHXah67Z8ImS7WEz5QVcOtlfW2rZEugt6w==
  dependencies:
    ansi-regex "^5.0.0"

supports-color@^5.3.0:
  version "5.5.0"
  resolved "https://registry.npmjs.org/supports-color/-/supports-color-5.5.0.tgz#e2e69a44ac8772f78a1ec0b35b689df6530efc8f"
  integrity sha512-QjVjwdXIt408MIiAqCX4oUKsgU2EqAGzs2Ppkm4aQYbjm+ZEWEcW4SfFNTr4uMNZma0ey4f5lgLrkB0aX0QMow==
  dependencies:
    has-flag "^3.0.0"

to-regex-range@^5.0.1:
  version "5.0.1"
  resolved "https://registry.npmjs.org/to-regex-range/-/to-regex-range-5.0.1.tgz#1648c44aae7c8d988a326018ed72f5b4dd0392e4"
  integrity sha512-65P7iz6X5yEr1cwcgvQxbbIw7Uk3gOy5dIdtZ4rDveLqhrdJP+Li/Hx6tyK0NEb+2GCyneCMJiGqrADCSNk8sQ==
  dependencies:
    is-number "^7.0.0"

ts-type@^1.2.35, ts-type@^1.2.39:
  version "1.2.39"
  resolved "https://registry.npmjs.org/ts-type/-/ts-type-1.2.39.tgz#2a572561613355b38af6526cd372b51d2be18530"
  integrity sha512-5HEKeeFAcEGaRw0GMQSp2T0vFl53CPadNB3QfUN5Drhw8Ov/7JWGbcOCw2ElWrl6bwdsAUSMqkzMMTRZi7eTiQ==
  dependencies:
    tslib "^2.3.0"
    typedarray-dts "^1.0.0"

tslib@^1.13.0:
  version "1.14.1"
  resolved "https://registry.npmjs.org/tslib/-/tslib-1.14.1.tgz#cf2d38bdc34a134bcaf1091c41f6619e2f672d00"
  integrity sha512-Xni35NKzjgMrwevysHTCArtLDpPvye8zV/0E4EyYn43P7/7qvQwPh9BGkHewbMulVntbigmcT7rdX3BNo9wRJg==

tslib@^2.3.0:
  version "2.3.0"
  resolved "https://registry.npmjs.org/tslib/-/tslib-2.3.0.tgz#803b8cdab3e12ba581a4ca41c8839bbb0dacb09e"
  integrity sha512-N82ooyxVNm6h1riLCoyS9e3fuJ3AMG2zIZs2Gd1ATcSFjSA23Q0fzjjZeh0jbJvWVDZ0cJT8yaNNaaXHzueNjg==

type-detect@^4.0.0:
  version "4.0.8"
  resolved "https://registry.npmjs.org/type-detect/-/type-detect-4.0.8.tgz#7646fb5f18871cfbb7749e69bd39a6388eb7450c"
  integrity sha512-0fr/mIH1dlO+x7TlcMy+bIDqKPsw/70tVyeHW787goQjhmqaZe10uwLujubK9q9Lg6Fiho1KUKDYz0Z7k7g5/g==

typedarray-dts@^1.0.0:
  version "1.0.0"
  resolved "https://registry.npmjs.org/typedarray-dts/-/typedarray-dts-1.0.0.tgz#9dec9811386dbfba964c295c2606cf9a6b982d06"
  integrity sha512-Ka0DBegjuV9IPYFT1h0Qqk5U4pccebNIJCGl8C5uU7xtOs+jpJvKGAY4fHGK25hTmXZOEUl9Cnsg5cS6K/b5DA==

upath2@^3.1.9:
  version "3.1.9"
  resolved "https://registry.npmjs.org/upath2/-/upath2-3.1.9.tgz#1125ea5f089fcc092781cd6b804e91590cf823c1"
  integrity sha512-gpW782bpsHD8Kq90jAXEmG0REJcZMRqjmRLThlMEyOu/ZeTPqZlEjQIcI5Jh3r6kogmdlMpoiS4u8dtxwYDW2Q==
  dependencies:
    lodash "^4.17.21"
    path-is-network-drive "^1.0.9"
    path-strip-sep "^1.0.6"
    tslib "^2.3.0"

validate-npm-package-name@^3.0.0:
  version "3.0.0"
  resolved "https://registry.npmjs.org/validate-npm-package-name/-/validate-npm-package-name-3.0.0.tgz#5fa912d81eb7d0c74afc140de7317f0ca7df437e"
  integrity sha1-X6kS2B630MdK/BQN5zF/DKffQ34=
  dependencies:
    builtins "^1.0.3"

yallist@^4.0.0:
  version "4.0.0"
  resolved "https://registry.npmjs.org/yallist/-/yallist-4.0.0.tgz#9bb92790d9c0effec63be73519e11a35019a3a72"
  integrity sha512-3wdGidZyq5PB084XLES5TpOSRA3wjXAlIWMhum2kRcv/41Sn2emQ0dycQW4uZXLejwKvg6EsvbdlVL+FYEct7A==

yarn-berry-deduplicate@^2.0.0:
  version "2.0.0"
  resolved "https://registry.npmjs.org/yarn-berry-deduplicate/-/yarn-berry-deduplicate-2.0.0.tgz#d9557ec738075de31cf666d02f533bc38ed56cf2"
  integrity sha512-/gtLePixo/vSoEeAmVEFna0vAufLRa+I6dpJvae8WhQYhXA/l0bcG6unahrA5RjERGbkoi/2PNIozpkbc70jdg==
  dependencies:
    "@yarnpkg/parsers" "^2.0.0-rc.10"
    commander "^4.1.1"
    semver "7.1.3"

yarn-deduplicate@^3.1.0:
  version "3.1.0"
  resolved "https://registry.npmjs.org/yarn-deduplicate/-/yarn-deduplicate-3.1.0.tgz#3018d93e95f855f236a215b591fe8bc4bcabba3e"
  integrity sha512-q2VZ6ThNzQpGfNpkPrkmV7x5HT9MOhCUsTxVTzyyZB0eSXz1NTodHn+r29DlLb+peKk8iXxzdUVhQG9pI7moFw==
  dependencies:
    "@yarnpkg/lockfile" "^1.1.0"
    commander "^6.1.0"
    semver "^7.3.2"

yocto-queue@^0.1.0:
  version "0.1.0"
  resolved "https://registry.npmjs.org/yocto-queue/-/yocto-queue-0.1.0.tgz#0294eb3dee05028d31ee1a5fa2c556a6aaf10a1b"
  integrity sha512-rVksvsnNCdJ/ohGc6xgPwyN8eheCxsiLM8mxuE/t/mOVqJewPuO1miLpTHQiRgTKCLexL4MeAFVagts7HmNZ2Q==
