# THIS IS AN AUTOGENERATED FILE. DO NOT EDIT THIS FILE DIRECTLY.
# yarn lockfile v1


"@actions/core@^1.6.0":
  version "1.6.0"
  resolved "https://registry.npmjs.org/@actions/core/-/core-1.6.0.tgz#0568e47039bfb6a9170393a73f3b7eb3b22462cb"
  integrity sha512-NB1UAZomZlCV/LmJqkLhNTqtKfFXJZAUPcfl/zqG7EfsQdeUJtaWO98SGbuQ3pydJ3fHl2CvI/51OKYlCYYcaw==
  dependencies:
    "@actions/http-client" "^1.0.11"

"@actions/http-client@^1.0.11":
  version "1.0.11"
  resolved "https://registry.npmjs.org/@actions/http-client/-/http-client-1.0.11.tgz#c58b12e9aa8b159ee39e7dd6cbd0e91d905633c0"
  integrity sha512-VRYHGQV1rqnROJqdMvGUbY/Kn8vriQe/F9HR2AlYHzmKuM/p3kjNuXhmdBfcVgsvRWTz5C5XW5xvndZrVBuAYg==
  dependencies:
    tunnel "0.0.6"

"@bluelovers/deep-diff@^1.0.2":
  version "1.0.2"
  resolved "https://registry.npmjs.org/@bluelovers/deep-diff/-/deep-diff-1.0.2.tgz#f6e978edaa7f403b8e7ad104be724adeba033ae6"
  integrity sha512-xraiGIM/ra6qu6z/HgIV0KEmG4oNYLprLKNOzSPcibZtYgUH4PkE2GpdZ/yD2gvdwPSwIZmdgumXSmCE8JVw9A==

"@bluelovers/tsconfig@^1.0.28":
  version "1.0.28"
  resolved "https://registry.npmjs.org/@bluelovers/tsconfig/-/tsconfig-1.0.28.tgz#6fb35c233af7b36ed1be568d5e15c71b8b486412"
  integrity sha512-ncNfJUFO44Aa7zm8e+wH1ffwbtEmT+8HMEm9OnWXQpSvDDYml1NSSdOdmyXPvFSsRy4qObK6QVlLhL4meFthqA==
  dependencies:
    tslib "^2.3.0"

"@lazy-node/semver-part@^1.0.12":
  version "1.0.12"
  resolved "https://registry.npmjs.org/@lazy-node/semver-part/-/semver-part-1.0.12.tgz#9055bd8e2c03f9ec79c020e25e1094e36d675ac3"
  integrity sha512-RBLDtLkYiE7j3ZHqkuDmhidf8dtDjqwq4ngi/FtffbtbHhrmaAGK1/DmpETjAOuP27kxYDhlmqmvN0QweA+QLw==
  dependencies:
    semver "^7"
    tslib "^2.3.1"

"@ts-type/package-dts@^1.0.58":
  version "1.0.58"
  resolved "https://registry.npmjs.org/@ts-type/package-dts/-/package-dts-1.0.58.tgz#75f6fdf5f1e8f262a5081b90346439b4c4bc8d01"
  integrity sha512-Ry5RPZDAnSz/gyLtjd2a2yNC07CZ/PCOsuDzYj3phOolIgEH68HXRw6SbsDlavnVUEenDYj5GUM10gQ5iVEbVQ==
  dependencies:
    "@types/semver" "^7.3.9"
    ts-type "^2.1.4"

"@types/luxon@*":
  version "2.0.9"
  resolved "https://registry.npmjs.org/@types/luxon/-/luxon-2.0.9.tgz#782a0edfa6d699191292c13168bd496cd66b87c6"
  integrity sha512-ZuzIc7aN+i2ZDMWIiSmMdubR9EMMSTdEzF6R+FckP4p6xdnOYKqknTo/k+xXQvciSXlNGIwA4OPU5X7JIFzYdA==

"@types/node@^17.0.18":
  version "17.0.18"
  resolved "https://registry.npmjs.org/@types/node/-/node-17.0.18.tgz#3b4fed5cfb58010e3a2be4b6e74615e4847f1074"
  integrity sha512-eKj4f/BsN/qcculZiRSujogjvp5O/k4lOW5m35NopjZM/QwLOR075a8pJW5hD+Rtdm2DaCVPENS6KtSQnUD6BA==

"@types/npm-package-arg@*":
  version "6.1.1"
  resolved "https://registry.npmjs.org/@types/npm-package-arg/-/npm-package-arg-6.1.1.tgz#9e2d8adc04d39824a3d9f36f738010a3f7da3c1a"
  integrity sha512-452/1Kp9IdM/oR10AyqAgZOxUt7eLbm+EMJ194L6oarMYdZNiFIFAOJ7IIr0OrZXTySgfHjJezh2oiyk2kc3ag==

"@types/semver@^7.3.9":
  version "7.3.9"
  resolved "https://registry.npmjs.org/@types/semver/-/semver-7.3.9.tgz#152c6c20a7688c30b967ec1841d31ace569863fc"
  integrity sha512-L/TMpyURfBkf+o/526Zb6kd/tchUP3iBDEPjqjb+U2MAJhVRxxrmr2fwpe08E7QsV7YLcpq0tUaQ9O9x97ZIxQ==

"@vercel/ncc@^0.33.3":
  version "0.33.3"
  resolved "https://registry.npmjs.org/@vercel/ncc/-/ncc-0.33.3.tgz#aacc6b3ea9f7b175e0c9a18c9b97e4005a2f4fcc"
  integrity sha512-JGZ11QV+/ZcfudW2Cz2JVp54/pJNXbsuWRgSh2ZmmZdQBKXqBtIGrwI1Wyx8nlbzAiEFe7FHi4K1zX4//jxTnQ==

"@yarn-tool/detect-yarnlock-version@^1.0.12":
  version "1.0.12"
  resolved "https://registry.npmjs.org/@yarn-tool/detect-yarnlock-version/-/detect-yarnlock-version-1.0.12.tgz#a141051eae8cf34d71b6ca30203bb7bde2fd7d62"
  integrity sha512-DveLLldXfYiH3BfLXojLTpAlUidomWkaodfJRQSElthOGBrJB8XUXVZ8zKd8tqykkCqSLtOr9BWhUcNH8gupiw==
  dependencies:
    "@yarnpkg/parsers" "^2.4.1"
    tslib "^2.3.1"

"@yarn-tool/find-root@^1.0.61":
  version "1.0.61"
  resolved "https://registry.npmjs.org/@yarn-tool/find-root/-/find-root-1.0.61.tgz#f9895789914522cc513bad81a0628e71e4c3cbc0"
  integrity sha512-qXfGl33bJxDOYUSmHjPofUilc43v7V1PXzGNcl1/kJh1dQBrjyOCbJ7McuCIz26QBeXN/KESFNDdVwC4YO+3Dg==
  dependencies:
    "@ts-type/package-dts" "^1.0.58"
    err-code "^3.0.1"
    find-yarn-workspace-root2 "^1.2.36"
    pkg-dir "< 6 >= 5"
    tslib "^2.3.1"
    upath2 "^3.1.12"

"@yarn-tool/npm-package-arg-util@^1.0.23":
  version "1.0.23"
  resolved "https://registry.npmjs.org/@yarn-tool/npm-package-arg-util/-/npm-package-arg-util-1.0.23.tgz#062bb891f027fc50eab310349819a90b896eda4b"
  integrity sha512-zfSwNdMORvb5F6lvLJ7OMMKhQxMYjKyy6x8kET3saNF5S3XemvopFyXz6GxLglVUKjLyM0QtLI74bOhcEDxVxA==
  dependencies:
    "@types/npm-package-arg" "*"
    npm-package-arg "^9.0.0"
    tslib "^2.3.1"

"@yarn-tool/semver-diff@^1.0.31":
  version "1.0.31"
  resolved "https://registry.npmjs.org/@yarn-tool/semver-diff/-/semver-diff-1.0.31.tgz#90db45962db4b05fa2cd6307f7b42e1f0aac53b3"
  integrity sha512-xJPWxgwdNuzIRVNcvo44KjB1oiV1hGHwWlD9v4N4Cto80urtskjHfLZtk45Hj/qij9o5UJ0JPultbfbaA7sJJw==
  dependencies:
    "@lazy-node/semver-part" "^1.0.12"
    debug-color2 "^1.2.7"
    ts-type "^2.1.4"
    tslib "^2.3.1"

"@yarn-tool/table@^1.0.39":
  version "1.0.39"
  resolved "https://registry.npmjs.org/@yarn-tool/table/-/table-1.0.39.tgz#bd3eb9bca9d925b237e061c09e3ca89076ae308e"
  integrity sha512-BrR/Lhrbo31PQIHnikHFsB6TdMDJP52ks9qYLqnevGYQM0aiJHW+EZYWfKUoYchGBaNTxWlaZ6/ensJh+Qf7Lw==
  dependencies:
    "@ts-type/package-dts" "^1.0.58"
    "@yarn-tool/semver-diff" "^1.0.31"
    cli-table3 "^0.6.1"
    tslib "^2.3.1"

"@yarn-tool/yarnlock-banner@^1.0.6":
  version "1.0.6"
  resolved "https://registry.npmjs.org/@yarn-tool/yarnlock-banner/-/yarnlock-banner-1.0.6.tgz#0422870cd4db506b34ed1815512d5c6c33e1da61"
  integrity sha512-HDA+aBnnJK7F50Dehb02aGzfvYD04wZmXCH07Z7XWAHwQzga6SCMztqWiAlumuZxmwZWu3NqPFhNLfAxd5Td8Q==
  dependencies:
    crlf-normalize "^1.0.7"
    tslib "^2.3.1"

"@yarn-tool/yarnlock-dedupe@^1.0.13":
  version "1.0.13"
  resolved "https://registry.npmjs.org/@yarn-tool/yarnlock-dedupe/-/yarnlock-dedupe-1.0.13.tgz#d46a3c49aa06527c81badae9483f52c67d59226c"
  integrity sha512-b4MFv53lO+uKuSlhyWX7xqL0n03ZbjalPtArUrpKQyN0/uUTLxd9VJY7CZwMK1BXwf/WeE0pZKCcvXYEtZSSSA==
  dependencies:
    "@yarn-tool/detect-yarnlock-version" "^1.0.12"
    "@yarn-tool/yarnlock-banner" "^1.0.6"
    "@yarn-tool/yarnlock-stringify" "^1.0.11"
    tslib "^2.3.1"
    yarn-berry-deduplicate "^2.0.0"
    yarn-deduplicate "^3.1.0"

"@yarn-tool/yarnlock-diff@^1.0.35":
  version "1.0.35"
  resolved "https://registry.npmjs.org/@yarn-tool/yarnlock-diff/-/yarnlock-diff-1.0.35.tgz#e6950e029255113e063cf3ebac9d3f5fc24ad7a0"
  integrity sha512-QGmyR4WQtQVzLN+t2gIfGGHo47fZHBTojijw/w3xUhf+96bRwpvNdYKMUqxY2Lj06gSAFGWrQ0zifyhLppv/Uw==
  dependencies:
    "@bluelovers/deep-diff" "^1.0.2"
    "@yarn-tool/semver-diff" "^1.0.31"
    "@yarn-tool/table" "^1.0.39"
    "@yarn-tool/yarnlock-parse" "^1.0.23"
    "@yarn-tool/yarnlock-util" "^1.0.31"
    "@yarnpkg/parsers" "^2.4.1"
    array-hyper-unique "^2.0.6"
    debug-color2 "^1.2.7"
    npm-package-arg "^9.0.0"
    semver "^7.3.5"
    ts-type "^2.1.4"
    tslib "^2.3.1"

"@yarn-tool/yarnlock-error@^1.0.6":
  version "1.0.6"
  resolved "https://registry.npmjs.org/@yarn-tool/yarnlock-error/-/yarnlock-error-1.0.6.tgz#e7074f04c1398cb035cd4624eef2958d504c14de"
  integrity sha512-k8kiU3WT4Eb7GAvzsRoIyMCkBDQuq/pX6yab1+miYpAHmB78zI2JF/+NFJWuc1q5++PUEbKii4DcHdytpkVWtA==
  dependencies:
    tslib "^2.3.1"

"@yarn-tool/yarnlock-parse@^1.0.23":
  version "1.0.23"
  resolved "https://registry.npmjs.org/@yarn-tool/yarnlock-parse/-/yarnlock-parse-1.0.23.tgz#f5ba55720a8133299ce3669edfebbd4a255264bd"
  integrity sha512-WM/MtqALiEJPDm1xcX0xI5LW84DkGILivZWWQRqBcNbiWaI6y2c3vRKNQZyH4nCUvV8FoMaAYJH6WTYbmjjGHw==
  dependencies:
    "@ts-type/package-dts" "^1.0.58"
    "@yarn-tool/detect-yarnlock-version" "^1.0.12"
    "@yarn-tool/yarnlock-error" "^1.0.6"
    "@yarnpkg/lockfile" "^1.1.0"
    "@yarnpkg/parsers" "^2.4.1"
    tslib "^2.3.1"

"@yarn-tool/yarnlock-stringify@^1.0.11":
  version "1.0.11"
  resolved "https://registry.npmjs.org/@yarn-tool/yarnlock-stringify/-/yarnlock-stringify-1.0.11.tgz#daa7182e25ade30df049a133e0bedaabaf85b5f7"
  integrity sha512-The9SZRQeWL0J/oL0V8EgCiNut/fUX8hGnYp0Ro9WLS9o8flc/lD3ogLUgkiCTbKakgXiSoSAbCGGWDaJTWE8Q==
  dependencies:
    "@yarn-tool/detect-yarnlock-version" "^1.0.12"
    "@yarnpkg/lockfile" "^1.1.0"
    "@yarnpkg/parsers" "^2.4.1"
    tslib "^2.3.1"

"@yarn-tool/yarnlock-util@^1.0.31":
  version "1.0.31"
  resolved "https://registry.npmjs.org/@yarn-tool/yarnlock-util/-/yarnlock-util-1.0.31.tgz#21b3c2ff1bbea35831776a7eff39b64759a82e00"
  integrity sha512-XYHJKPQb0E6yLg7PTW/NEQWOT+FuX3blJycNQANcifaas5t+caWxYxwbrbH/OaHAaGgr2mqJTiowLioffTzO2Q==
  dependencies:
    "@yarn-tool/npm-package-arg-util" "^1.0.23"
    "@yarn-tool/yarnlock-parse" "^1.0.23"
    "@yarnpkg/parsers" "^2.4.1"
    npm-package-arg "^9.0.0"
    tslib "^2.3.1"

"@yarnpkg/lockfile@^1.1.0":
  version "1.1.0"
  resolved "https://registry.npmjs.org/@yarnpkg/lockfile/-/lockfile-1.1.0.tgz#e77a97fbd345b76d83245edcd17d393b1b41fb31"
  integrity sha512-GpSwvyXOcOOlV70vbnzjj4fW5xW/FdUF6nQEt1ENy7m4ZCczi1+/buVUPAqmGfqznsORNFzUMjctTIp8a9tuCQ==

"@yarnpkg/parsers@^2.0.0-rc.10", "@yarnpkg/parsers@^2.4.1":
  version "2.4.1"
  resolved "https://registry.npmjs.org/@yarnpkg/parsers/-/parsers-2.4.1.tgz#3e9d834b22783245064599835ffbb17eb806497e"
  integrity sha512-QqJ5asvS5Fol9MjTy8vS8512T2djEA0Uglu23Ap6G4AqbUWykC83bCnY4AjSyGxFV1rOlkWBn7RKsAqei/9cLw==
  dependencies:
    js-yaml "^3.10.0"
    tslib "^1.13.0"

ansi-regex@^5.0.1:
  version "5.0.1"
  resolved "https://registry.npmjs.org/ansi-regex/-/ansi-regex-5.0.1.tgz#082cb2c89c9fe8659a311a53bd6a4dc5301db304"
  integrity sha512-quJQXlTSUGL2LH9SUXo8VwsY4soanhgo6LNSm84E1LBcE8s3O0wpdiRzyR9z/ZZJMlMWv37qOOb9pdJlMUEKFQ==

ansi-styles@^3.2.1:
  version "3.2.1"
  resolved "https://registry.npmjs.org/ansi-styles/-/ansi-styles-3.2.1.tgz#41fbb20243e50b12be0f04b8dedbf07520ce841d"
  integrity sha512-VT0ZI6kZRdTh8YyJw3SMbYm/u+NqfsAxEpWO0Pf9sq8/e94WxxOpPKx9FR1FlyCtOVDNOQ+8ntlqFxiRc+r5qA==
  dependencies:
    color-convert "^1.9.0"

argparse@^1.0.7:
  version "1.0.10"
  resolved "https://registry.npmjs.org/argparse/-/argparse-1.0.10.tgz#bcd6791ea5ae09725e17e5ad988134cd40b3d911"
  integrity sha512-o5Roy6tNG4SL/FOkCAN6RzjiakZS25RLYFrcMttJqbdd8BWrnA+fGz57iN5Pb06pvBGvl5gQ0B48dJlslXvoTg==
  dependencies:
    sprintf-js "~1.0.2"

array-hyper-unique@^2.0.6:
  version "2.0.6"
  resolved "https://registry.npmjs.org/array-hyper-unique/-/array-hyper-unique-2.0.6.tgz#ce3560cab27853f21f86b7eaff1891eaab8a5d77"
  integrity sha512-OYYVt7iFcj/EMoJ5ujas6AsFYybpsdjF9qQB1I7Xt9c80cg09raPdDV03Y5+XwXmGVQ8z0XlfZ8koy0Gm5dlHw==
  dependencies:
    deep-eql "^4.0.0"
    lodash "^4.17.21"
    tslib "^2.3.1"

braces@^3.0.1:
  version "3.0.2"
  resolved "https://registry.npmjs.org/braces/-/braces-3.0.2.tgz#3454e1a462ee8d599e236df336cd9ea4f8afe107"
  integrity sha512-b8um+L1RzM3WDSzvhm6gIz1yfTbBt6YTlcEKAvsmqCZZFw46z626lVj9j1yEPW33H5H+lBQpZMP1k8l+78Ha0A==
  dependencies:
    fill-range "^7.0.1"

builtins@^1.0.3:
  version "1.0.3"
  resolved "https://registry.npmjs.org/builtins/-/builtins-1.0.3.tgz#cb94faeb61c8696451db36534e1422f94f0aee88"
  integrity sha1-y5T662HIaWRR2zZTThQi+U8K7og=

"chalk@< 3 && >= 2":
  version "2.4.2"
  resolved "https://registry.npmjs.org/chalk/-/chalk-2.4.2.tgz#cd42541677a54333cf541a49108c1432b44c9424"
  integrity sha512-Mti+f9lpJNcwF4tWV8/OrTTtF1gZi+f8FqlyAdouralcFWFQWF2+NgCHShjkCb+IFBLq9buZwE1xckQU4peSuQ==
  dependencies:
    ansi-styles "^3.2.1"
    escape-string-regexp "^1.0.5"
    supports-color "^5.3.0"

cli-table3@^0.6.1:
  version "0.6.1"
  resolved "https://registry.npmjs.org/cli-table3/-/cli-table3-0.6.1.tgz#36ce9b7af4847f288d3cdd081fbd09bf7bd237b8"
  integrity sha512-w0q/enDHhPLq44ovMGdQeeDLvwxwavsJX7oQGYt/LrBlYsyaxyDnp6z3QzFut/6kLLKnlcUVJLrpB7KBfgG/RA==
  dependencies:
    string-width "^4.2.0"
  optionalDependencies:
    colors "1.4.0"

color-convert@^1.9.0:
  version "1.9.3"
  resolved "https://registry.npmjs.org/color-convert/-/color-convert-1.9.3.tgz#bb71850690e1f136567de629d2d5471deda4c1e8"
  integrity sha512-QfAUtd+vFdAtFQcC8CCyYt1fYWxSqAiK2cSD6zDB8N3cpsEBAvRxp9zOGg6G/SHHJYAT88/az/IuDGALsNVbGg==
  dependencies:
    color-name "1.1.3"

color-name@1.1.3:
  version "1.1.3"
  resolved "https://registry.npmjs.org/color-name/-/color-name-1.1.3.tgz#a7d0558bd89c42f795dd42328f740831ca53bc25"
  integrity sha1-p9BVi9icQveV3UIyj3QIMcpTvCU=

colors@1.4.0:
  version "1.4.0"
  resolved "https://registry.npmjs.org/colors/-/colors-1.4.0.tgz#c50491479d4c1bdaed2c9ced32cf7c7dc2360f78"
  integrity sha512-a+UqTh4kgZg/SlGvfbzDHpgRu7AAQOmmqRHJnxhRZICKFUT91brVhNNt58CMWU9PsBbv3PDCZUHbVxuDiH2mtA==

commander@^4.1.1:
  version "4.1.1"
  resolved "https://registry.npmjs.org/commander/-/commander-4.1.1.tgz#9fd602bd936294e9e9ef46a3f4d6964044b18068"
  integrity sha512-NOKm8xhkzAjzFx8B2v5OAHT+u5pRQc2UCa2Vq9jYL/31o2wi9mxBA7LIFs3sV5VSC49z6pEhfbMULvShKj26WA==

commander@^6.1.0:
  version "6.2.1"
  resolved "https://registry.npmjs.org/commander/-/commander-6.2.1.tgz#0792eb682dfbc325999bb2b84fddddba110ac73c"
  integrity sha512-U7VdrJFnJgo4xjrHpTzu0yrHPGImdsmD95ZlgYSEajAn2JKzDhDTPG9kBTefmObL2w/ngeZnilk+OV9CG3d7UA==

crlf-normalize@^1.0.7:
  version "1.0.7"
  resolved "https://registry.npmjs.org/crlf-normalize/-/crlf-normalize-1.0.7.tgz#84044949d93b708b3623abd4661fe8173c3e543c"
  integrity sha512-USifFsvW0fI8BuHpR0zqHjr2uQdbQ5awWmk0UbWF/Y3jScR+6gFqukzfavi2FzrjQ65ihSMPNGx07K6CPno8sQ==
  dependencies:
    ts-type "^2.1.4"

debug-color2@^1.2.7:
  version "1.2.7"
  resolved "https://registry.npmjs.org/debug-color2/-/debug-color2-1.2.7.tgz#ebef64914f2ce76cd64467007e6e4430ee545e9d"
  integrity sha512-vGh6QYbQiKdlUHESCQiniCSrRI/LByfFn0yDMwNsaeEF+bDtTRSE5iKNXz3mrb1wFQb/YU4aADqqQ8wToY2A7g==
  dependencies:
    "@types/luxon" "*"
    chalk "< 3 && >= 2"
    env-bool "^1.0.3"
    luxon "^1.28.0"
    ts-type "^1.2.35"
    tslib "^2.3.0"

deep-eql@^4.0.0:
  version "4.0.0"
  resolved "https://registry.npmjs.org/deep-eql/-/deep-eql-4.0.0.tgz#c70af2713a4e18d9c2c1203ff9d11abbd51c8fbd"
  integrity sha512-GxJC5MOg2KyQlv6WiUF/VAnMj4MWnYiXo4oLgeptOELVoknyErb4Z8+5F/IM/K4g9/80YzzatxmWcyRwUseH0A==
  dependencies:
    type-detect "^4.0.0"

emoji-regex@^8.0.0:
  version "8.0.0"
  resolved "https://registry.npmjs.org/emoji-regex/-/emoji-regex-8.0.0.tgz#e818fd69ce5ccfcb404594f842963bf53164cc37"
  integrity sha512-MSjYzcWNOA0ewAHpz0MxpYFvwg6yjy1NG3xteoqz644VCo/RPgnr1/GGt+ic3iJTzQ8Eu3TdM14SawnVUmGE6A==

env-bool@^1.0.3:
  version "1.0.3"
  resolved "https://registry.npmjs.org/env-bool/-/env-bool-1.0.3.tgz#4b564760816766eed01b59b3a3c95e87c925548d"
  integrity sha512-Y8SeCpZmIEyCiiOTdKnIofJSlj43RmxoNHB3YNZyU17VE6VVGBEBG9J/f+t/bdydMsghLVlIOeayqV2M8x5iMg==

err-code@^3.0.1:
  version "3.0.1"
  resolved "https://registry.npmjs.org/err-code/-/err-code-3.0.1.tgz#a444c7b992705f2b120ee320b09972eef331c920"
  integrity sha512-GiaH0KJUewYok+eeY05IIgjtAe4Yltygk9Wqp1V5yVWLdhf0hYZchRjNIT9bb0mSwRcIusT3cx7PJUf3zEIfUA==

escape-string-regexp@^1.0.5:
  version "1.0.5"
  resolved "https://registry.npmjs.org/escape-string-regexp/-/escape-string-regexp-1.0.5.tgz#1b61c0562190a8dff6ae3bb2cf0200ca130b86d4"
  integrity sha1-G2HAViGQqN/2rjuyzwIAyhMLhtQ=

esprima@^4.0.0:
  version "4.0.1"
  resolved "https://registry.npmjs.org/esprima/-/esprima-4.0.1.tgz#13b04cdb3e6c5d19df91ab6987a8695619b0aa71"
  integrity sha512-eGuFFw7Upda+g4p+QHvnW0RyTX/SVeJBDM/gCtMARO0cLuT2HcEKnTPvhjV6aGeqrCB/sbNop0Kszm0jsaWU4A==

fill-range@^7.0.1:
  version "7.0.1"
  resolved "https://registry.npmjs.org/fill-range/-/fill-range-7.0.1.tgz#1919a6a7c75fe38b2c7c77e5198535da9acdda40"
  integrity sha512-qOo9F+dMUmC2Lcb4BbVvnKJxTPjCm+RRpe4gDuGrzkL7mEVl/djYSu2OdQ2Pa302N4oqkSg9ir6jaLWJ2USVpQ==
  dependencies:
    to-regex-range "^5.0.1"

find-up@^5.0.0:
  version "5.0.0"
  resolved "https://registry.npmjs.org/find-up/-/find-up-5.0.0.tgz#4c92819ecb7083561e4f4a240a86be5198f536fc"
  integrity sha512-78/PXT1wlLLDgTzDs7sjq9hzz0vXD+zn+7wypEe4fXQxCmdmqfGsEPQxmiCSQI3ajFV91bVSsvNtrJRiW6nGng==
  dependencies:
    locate-path "^6.0.0"
    path-exists "^4.0.0"

find-yarn-workspace-root2@^1.2.36:
  version "1.2.36"
  resolved "https://registry.npmjs.org/find-yarn-workspace-root2/-/find-yarn-workspace-root2-1.2.36.tgz#c37e898535de4bef0254d2f0087df1c68cb35319"
  integrity sha512-YfkZFAKyau0NoVA2xQ5fWcKZyrfHpozkLk3pBo4Vuzq1BFrK6GAzDaeAMfuXWfcqEG4ryRZ/JSfNToOFOkA4Dg==
  dependencies:
    micromatch "^4.0.4"
    pkg-dir "< 6 >= 5"
    tslib "^2.3.1"
    upath2 "^3.1.12"

has-flag@^3.0.0:
  version "3.0.0"
  resolved "https://registry.npmjs.org/has-flag/-/has-flag-3.0.0.tgz#b5d454dc2199ae225699f3467e5a07f3b955bafd"
  integrity sha1-tdRU3CGZriJWmfNGfloH87lVuv0=

hosted-git-info@^4.1.0:
  version "4.1.0"
  resolved "https://registry.npmjs.org/hosted-git-info/-/hosted-git-info-4.1.0.tgz#827b82867e9ff1c8d0c4d9d53880397d2c86d224"
  integrity sha512-kyCuEOWjJqZuDbRHzL8V93NzQhwIB71oFWSyzVo+KPZI+pnQPPxucdkrOZvkLRnrf5URsQM+IJ09Dw29cRALIA==
  dependencies:
    lru-cache "^6.0.0"

is-fullwidth-code-point@^3.0.0:
  version "3.0.0"
  resolved "https://registry.npmjs.org/is-fullwidth-code-point/-/is-fullwidth-code-point-3.0.0.tgz#f116f8064fe90b3f7844a38997c0b75051269f1d"
  integrity sha512-zymm5+u+sCsSWyD9qNaejV3DFvhCKclKdizYaJUuHA83RLjb7nSuGnddCHGv0hk+KY7BMAlsWeK4Ueg6EV6XQg==

is-number@^7.0.0:
  version "7.0.0"
  resolved "https://registry.npmjs.org/is-number/-/is-number-7.0.0.tgz#7535345b896734d5f80c4d06c50955527a14f12b"
  integrity sha512-41Cifkg6e8TylSpdtTpeLVMqvSBEVzTttHvERD741+pnZ8ANv0004MRL43QKPDlK9cGvNp6NZWZUBlbGXYxxng==

js-yaml@^3.10.0:
  version "3.14.1"
  resolved "https://registry.npmjs.org/js-yaml/-/js-yaml-3.14.1.tgz#dae812fdb3825fa306609a8717383c50c36a0537"
  integrity sha512-okMH7OXXJ7YrN9Ok3/SXrnu4iX9yOk+25nqX4imS2npuvTYDmo/QEZoqwZkYaIDk3jVvBOTOIEgEhaLOynBS9g==
  dependencies:
    argparse "^1.0.7"
    esprima "^4.0.0"

locate-path@^6.0.0:
  version "6.0.0"
  resolved "https://registry.npmjs.org/locate-path/-/locate-path-6.0.0.tgz#55321eb309febbc59c4801d931a72452a681d286"
  integrity sha512-iPZK6eYjbxRu3uB4/WZ3EsEIMJFMqAoopl3R+zuq0UjcAm/MO6KCweDgPfP3elTztoKP3KtnVHxTn2NHBSDVUw==
  dependencies:
    p-locate "^5.0.0"

lodash@^4.17.21:
  version "4.17.21"
  resolved "https://registry.npmjs.org/lodash/-/lodash-4.17.21.tgz#679591c564c3bffaae8454cf0b3df370c3d6911c"
  integrity sha512-v2kDEe57lecTulaDIuNTPy3Ry4gLGJ6Z1O3vE1krgXZNrsQ+LFTGHVxVjcXPs17LhbZVGedAJv8XZ1tvj5FvSg==

lru-cache@^6.0.0:
  version "6.0.0"
  resolved "https://registry.npmjs.org/lru-cache/-/lru-cache-6.0.0.tgz#6d6fe6570ebd96aaf90fcad1dafa3b2566db3a94"
  integrity sha512-Jo6dJ04CmSjuznwJSS3pUeWmd/H0ffTlkXXgwZi+eq1UCmqQwCh+eLsYOYCwY991i2Fah4h1BEMCx4qThGbsiA==
  dependencies:
    yallist "^4.0.0"

luxon@^1.28.0:
  version "1.28.0"
  resolved "https://registry.npmjs.org/luxon/-/luxon-1.28.0.tgz#e7f96daad3938c06a62de0fb027115d251251fbf"
  integrity sha512-TfTiyvZhwBYM/7QdAVDh+7dBTBA29v4ik0Ce9zda3Mnf8on1S5KJI8P2jKFZ8+5C0jhmr0KwJEO/Wdpm0VeWJQ==

micromatch@^4.0.4:
  version "4.0.4"
  resolved "https://registry.npmjs.org/micromatch/-/micromatch-4.0.4.tgz#896d519dfe9db25fce94ceb7a500919bf881ebf9"
  integrity sha512-pRmzw/XUcwXGpD9aI9q/0XOwLNygjETJ8y0ao0wdqprrzDa4YnxLcz7fQRZr8voh8V10kGhABbNcHVk5wHgWwg==
  dependencies:
    braces "^3.0.1"
    picomatch "^2.2.3"

npm-package-arg@^9.0.0:
  version "9.0.0"
  resolved "https://registry.npmjs.org/npm-package-arg/-/npm-package-arg-9.0.0.tgz#955a5e4735298fc23f71cb72da3574daa134340c"
  integrity sha512-yhzXxeor+Zfhe5MGwPdDumz6HtNlj2pMekWB95IX3CC6uDNgde0oPKHDCLDPoJqQfd0HqAWt+y4Hs5m7CK1+9Q==
  dependencies:
    hosted-git-info "^4.1.0"
    semver "^7.3.5"
    validate-npm-package-name "^3.0.0"

p-limit@^3.0.2:
  version "3.1.0"
  resolved "https://registry.npmjs.org/p-limit/-/p-limit-3.1.0.tgz#e1daccbe78d0d1388ca18c64fea38e3e57e3706b"
  integrity sha512-TYOanM3wGwNGsZN2cVTYPArw454xnXj5qmWF1bEoAc4+cU/ol7GVh7odevjp1FNHduHc3KZMcFduxU5Xc6uJRQ==
  dependencies:
    yocto-queue "^0.1.0"

p-locate@^5.0.0:
  version "5.0.0"
  resolved "https://registry.npmjs.org/p-locate/-/p-locate-5.0.0.tgz#83c8315c6785005e3bd021839411c9e110e6d834"
  integrity sha512-LaNjtRWUBY++zB5nE/NwcaoMylSPk+S+ZHNB1TzdbMJMny6dynpAGt7X/tl/QYq3TIeE6nxHppbo2LGymrG5Pw==
  dependencies:
    p-limit "^3.0.2"

path-exists@^4.0.0:
  version "4.0.0"
  resolved "https://registry.npmjs.org/path-exists/-/path-exists-4.0.0.tgz#513bdbe2d3b95d7762e8c1137efa195c6c61b5b3"
  integrity sha512-ak9Qy5Q7jYb2Wwcey5Fpvg2KoAc/ZIhLSLOSBmRmygPsGwkVVt0fZa0qrtMz+m6tJTAHfZQ8FnmB4MG4LWy7/w==

path-is-network-drive@^1.0.13:
  version "1.0.13"
  resolved "https://registry.npmjs.org/path-is-network-drive/-/path-is-network-drive-1.0.13.tgz#c9aa0183eb72c328aa83f43def93ddcb9d7ec4d4"
  integrity sha512-Hg74mRN6mmXV+gTm3INjFK40ncAmC/Lo4qoQaSZ+GT3hZzlKdWQSqAjqyPeW0SvObP2W073WyYEBWY9d3wOm3A==
  dependencies:
    tslib "^2.3.1"

path-strip-sep@^1.0.10:
  version "1.0.10"
  resolved "https://registry.npmjs.org/path-strip-sep/-/path-strip-sep-1.0.10.tgz#2be4e789406b298af8709ff79af716134b733b98"
  integrity sha512-JpCy+8LAJQQTO1bQsb/84s1g+/Stm3h39aOpPRBQ/paMUGVPPZChLTOTKHoaCkc/6sKuF7yVsnq5Pe1S6xQGcA==
  dependencies:
    tslib "^2.3.1"

picomatch@^2.2.3:
  version "2.3.1"
  resolved "https://registry.npmjs.org/picomatch/-/picomatch-2.3.1.tgz#3ba3833733646d9d3e4995946c1365a67fb07a42"
  integrity sha512-JU3teHTNjmE2VCGFzuY8EXzCDVwEqB2a8fsIvwaStHhAWJEeVd1o1QD80CU6+ZdEXXSLbSsuLwJjkCBWqRQUVA==

"pkg-dir@< 6 >= 5":
  version "5.0.0"
  resolved "https://registry.npmjs.org/pkg-dir/-/pkg-dir-5.0.0.tgz#a02d6aebe6ba133a928f74aec20bafdfe6b8e760"
  integrity sha512-NPE8TDbzl/3YQYY7CSS228s3g2ollTFnc+Qi3tqmqJp9Vg2ovUpixcJEo2HJScN2Ez+kEaal6y70c0ehqJBJeA==
  dependencies:
    find-up "^5.0.0"

semver@7.1.3:
  version "7.1.3"
  resolved "https://registry.npmjs.org/semver/-/semver-7.1.3.tgz#e4345ce73071c53f336445cfc19efb1c311df2a6"
  integrity sha512-ekM0zfiA9SCBlsKa2X1hxyxiI4L3B6EbVJkkdgQXnSEEaHlGdvyodMruTiulSRWMMB4NeIuYNMC9rTKTz97GxA==

semver@^7, semver@^7.3.2, semver@^7.3.5:
  version "7.3.5"
  resolved "https://registry.npmjs.org/semver/-/semver-7.3.5.tgz#0b621c879348d8998e4b0e4be94b3f12e6018ef7"
  integrity sha512-PoeGJYh8HK4BTO/a9Tf6ZG3veo/A7ZVsYrSA6J8ny9nb3B1VrpkuN+z9OE5wfE5p6H4LchYZsegiQgbJD94ZFQ==
  dependencies:
    lru-cache "^6.0.0"

sprintf-js@~1.0.2:
  version "1.0.3"
  resolved "https://registry.npmjs.org/sprintf-js/-/sprintf-js-1.0.3.tgz#04e6926f662895354f3dd015203633b857297e2c"
  integrity sha1-BOaSb2YolTVPPdAVIDYzuFcpfiw=

string-width@^4.2.0:
  version "4.2.3"
  resolved "https://registry.npmjs.org/string-width/-/string-width-4.2.3.tgz#269c7117d27b05ad2e536830a8ec895ef9c6d010"
  integrity sha512-wKyQRQpjJ0sIp62ErSZdGsjMJWsap5oRNihHhu6G7JVO/9jIB6UyevL+tXuOqrng8j/cxKTWyWUwvSTriiZz/g==
  dependencies:
    emoji-regex "^8.0.0"
    is-fullwidth-code-point "^3.0.0"
    strip-ansi "^6.0.1"

strip-ansi@^6.0.1:
  version "6.0.1"
  resolved "https://registry.npmjs.org/strip-ansi/-/strip-ansi-6.0.1.tgz#9e26c63d30f53443e9489495b2105d37b67a85d9"
  integrity sha512-Y38VPSHcqkFrCpFnQ9vuSXmquuv5oXOKpGeT6aGrr3o3Gc9AlVa6JBfUSOCnbxGGZF+/0ooI7KrPuUSztUdU5A==
  dependencies:
    ansi-regex "^5.0.1"

supports-color@^5.3.0:
  version "5.5.0"
  resolved "https://registry.npmjs.org/supports-color/-/supports-color-5.5.0.tgz#e2e69a44ac8772f78a1ec0b35b689df6530efc8f"
  integrity sha512-QjVjwdXIt408MIiAqCX4oUKsgU2EqAGzs2Ppkm4aQYbjm+ZEWEcW4SfFNTr4uMNZma0ey4f5lgLrkB0aX0QMow==
  dependencies:
    has-flag "^3.0.0"

to-regex-range@^5.0.1:
  version "5.0.1"
  resolved "https://registry.npmjs.org/to-regex-range/-/to-regex-range-5.0.1.tgz#1648c44aae7c8d988a326018ed72f5b4dd0392e4"
  integrity sha512-65P7iz6X5yEr1cwcgvQxbbIw7Uk3gOy5dIdtZ4rDveLqhrdJP+Li/Hx6tyK0NEb+2GCyneCMJiGqrADCSNk8sQ==
  dependencies:
    is-number "^7.0.0"

ts-type@^1.2.35:
  version "1.2.40"
  resolved "https://registry.npmjs.org/ts-type/-/ts-type-1.2.40.tgz#db3ceb95281567fe72591b9a904488e85c5b74fe"
  integrity sha512-Ux5e7Frys5pX7w8gYchEd0KfhG1H5puXOQC8yOBgMJ1aEwDSypeHLwxIUpKjecni1IGwtLI3JrxCVZaQO9JKmw==
  dependencies:
    tslib "^2.3.0"
    typedarray-dts "^1.0.0"

ts-type@^2.1.4:
  version "2.1.4"
  resolved "https://registry.npmjs.org/ts-type/-/ts-type-2.1.4.tgz#d268d52ac054ef3076bf1c3b2fde0d4d5496e6a3"
  integrity sha512-wnajiiIMhn/RHJ1oPld95siKmMJrOgaT6+rMmC8vO1LORgDFEzKP2nBmEFM5b4XVe7Q0J5KcU9oRJFzju7UzrA==
  dependencies:
    tslib "^2.3.1"
    typedarray-dts "^1.0.0"

tslib@^1.13.0:
  version "1.14.1"
  resolved "https://registry.npmjs.org/tslib/-/tslib-1.14.1.tgz#cf2d38bdc34a134bcaf1091c41f6619e2f672d00"
  integrity sha512-Xni35NKzjgMrwevysHTCArtLDpPvye8zV/0E4EyYn43P7/7qvQwPh9BGkHewbMulVntbigmcT7rdX3BNo9wRJg==

tslib@^2.3.0, tslib@^2.3.1:
  version "2.3.1"
  resolved "https://registry.npmjs.org/tslib/-/tslib-2.3.1.tgz#e8a335add5ceae51aa261d32a490158ef042ef01"
  integrity sha512-77EbyPPpMz+FRFRuAFlWMtmgUWGe9UOG2Z25NqCwiIjRhOf5iKGuzSe5P2w1laq+FkRy4p+PCuVkJSGkzTEKVw==

tunnel@0.0.6:
  version "0.0.6"
  resolved "https://registry.npmjs.org/tunnel/-/tunnel-0.0.6.tgz#72f1314b34a5b192db012324df2cc587ca47f92c"
  integrity sha512-1h/Lnq9yajKY2PEbBadPXj3VxsDDu844OnaAo52UVmIzIvwwtBPIuNvkjuzBlTWpfJyUbG3ez0KSBibQkj4ojg==

type-detect@^4.0.0:
  version "4.0.8"
  resolved "https://registry.npmjs.org/type-detect/-/type-detect-4.0.8.tgz#7646fb5f18871cfbb7749e69bd39a6388eb7450c"
  integrity sha512-0fr/mIH1dlO+x7TlcMy+bIDqKPsw/70tVyeHW787goQjhmqaZe10uwLujubK9q9Lg6Fiho1KUKDYz0Z7k7g5/g==

typedarray-dts@^1.0.0:
  version "1.0.0"
  resolved "https://registry.npmjs.org/typedarray-dts/-/typedarray-dts-1.0.0.tgz#9dec9811386dbfba964c295c2606cf9a6b982d06"
  integrity sha512-Ka0DBegjuV9IPYFT1h0Qqk5U4pccebNIJCGl8C5uU7xtOs+jpJvKGAY4fHGK25hTmXZOEUl9Cnsg5cS6K/b5DA==

upath2@^3.1.12:
  version "3.1.12"
  resolved "https://registry.npmjs.org/upath2/-/upath2-3.1.12.tgz#441b3dfbadde21731017bd1b7beb169498efd0a9"
  integrity sha512-yC3eZeCyCXFWjy7Nu4pgjLhXNYjuzuUmJiRgSSw6TJp8Emc+E4951HGPJf+bldFC5SL7oBLeNbtm1fGzXn2gxw==
  dependencies:
    path-is-network-drive "^1.0.13"
    path-strip-sep "^1.0.10"
    tslib "^2.3.1"

validate-npm-package-name@^3.0.0:
  version "3.0.0"
  resolved "https://registry.npmjs.org/validate-npm-package-name/-/validate-npm-package-name-3.0.0.tgz#5fa912d81eb7d0c74afc140de7317f0ca7df437e"
  integrity sha1-X6kS2B630MdK/BQN5zF/DKffQ34=
  dependencies:
    builtins "^1.0.3"

yallist@^4.0.0:
  version "4.0.0"
  resolved "https://registry.npmjs.org/yallist/-/yallist-4.0.0.tgz#9bb92790d9c0effec63be73519e11a35019a3a72"
  integrity sha512-3wdGidZyq5PB084XLES5TpOSRA3wjXAlIWMhum2kRcv/41Sn2emQ0dycQW4uZXLejwKvg6EsvbdlVL+FYEct7A==

yarn-berry-deduplicate@^2.0.0:
  version "2.0.0"
  resolved "https://registry.npmjs.org/yarn-berry-deduplicate/-/yarn-berry-deduplicate-2.0.0.tgz#d9557ec738075de31cf666d02f533bc38ed56cf2"
  integrity sha512-/gtLePixo/vSoEeAmVEFna0vAufLRa+I6dpJvae8WhQYhXA/l0bcG6unahrA5RjERGbkoi/2PNIozpkbc70jdg==
  dependencies:
    "@yarnpkg/parsers" "^2.0.0-rc.10"
    commander "^4.1.1"
    semver "7.1.3"

yarn-deduplicate@^3.1.0:
  version "3.1.0"
  resolved "https://registry.npmjs.org/yarn-deduplicate/-/yarn-deduplicate-3.1.0.tgz#3018d93e95f855f236a215b591fe8bc4bcabba3e"
  integrity sha512-q2VZ6ThNzQpGfNpkPrkmV7x5HT9MOhCUsTxVTzyyZB0eSXz1NTodHn+r29DlLb+peKk8iXxzdUVhQG9pI7moFw==
  dependencies:
    "@yarnpkg/lockfile" "^1.1.0"
    commander "^6.1.0"
    semver "^7.3.2"

yocto-queue@^0.1.0:
  version "0.1.0"
  resolved "https://registry.npmjs.org/yocto-queue/-/yocto-queue-0.1.0.tgz#0294eb3dee05028d31ee1a5fa2c556a6aaf10a1b"
  integrity sha512-rVksvsnNCdJ/ohGc6xgPwyN8eheCxsiLM8mxuE/t/mOVqJewPuO1miLpTHQiRgTKCLexL4MeAFVagts7HmNZ2Q==
